// !$*UTF8*$!
{
	archiveVersion = 1;
	classes = {
	};
	objectVersion = 56;
	objects = {

/* Begin PBXBuildFile section */
		20B0809EA8115EF97769731F /* Pods_PureClean_AI.framework in Frameworks */ = {isa = PBXBuildFile; fileRef = B74EBEBDDAE92E70E75C1D67 /* Pods_PureClean_AI.framework */; };
		D1A6B1012CF0AC3B00574312 /* PureClean_AIApp.swift in Sources */ = {isa = PBXBuildFile; fileRef = D1A6B1002CF0AC3B00574312 /* PureClean_AIApp.swift */; };
		D1A6B1032CF0AC3B00574312 /* ContentView.swift in Sources */ = {isa = PBXBuildFile; fileRef = D1A6B1022CF0AC3B00574312 /* ContentView.swift */; };
		D1A6B1052CF0AC3C00574312 /* Assets.xcassets in Resources */ = {isa = PBXBuildFile; fileRef = D1A6B1042CF0AC3C00574312 /* Assets.xcassets */; };
		D1A6B1082CF0AC3C00574312 /* Preview Assets.xcassets in Resources */ = {isa = PBXBuildFile; fileRef = D1A6B1072CF0AC3C00574312 /* Preview Assets.xcassets */; };
		D1A6B10F2CF3472F00574312 /* .gitignore in Resources */ = {isa = PBXBuildFile; fileRef = D1A6B10E2CF3472F00574312 /* .gitignore */; };
/* End PBXBuildFile section */

/* Begin PBXFileReference section */
		807D11447A51A9E378550FE4 /* Pods-PureClean AI.release.xcconfig */ = {isa = PBXFileReference; includeInIndex = 1; lastKnownFileType = text.xcconfig; name = "Pods-PureClean AI.release.xcconfig"; path = "Target Support Files/Pods-PureClean AI/Pods-PureClean AI.release.xcconfig"; sourceTree = "<group>"; };
		B74EBEBDDAE92E70E75C1D67 /* Pods_PureClean_AI.framework */ = {isa = PBXFileReference; explicitFileType = wrapper.framework; includeInIndex = 0; path = Pods_PureClean_AI.framework; sourceTree = BUILT_PRODUCTS_DIR; };
		D1A6B0FD2CF0AC3B00574312 /* PureClean AI.app */ = {isa = PBXFileReference; explicitFileType = wrapper.application; includeInIndex = 0; path = "PureClean AI.app"; sourceTree = BUILT_PRODUCTS_DIR; };
		D1A6B1002CF0AC3B00574312 /* PureClean_AIApp.swift */ = {isa = PBXFileReference; lastKnownFileType = sourcecode.swift; path = PureClean_AIApp.swift; sourceTree = "<group>"; };
		D1A6B1022CF0AC3B00574312 /* ContentView.swift */ = {isa = PBXFileReference; lastKnownFileType = sourcecode.swift; path = ContentView.swift; sourceTree = "<group>"; };
		D1A6B1042CF0AC3C00574312 /* Assets.xcassets */ = {isa = PBXFileReference; lastKnownFileType = folder.assetcatalog; path = Assets.xcassets; sourceTree = "<group>"; };
		D1A6B1072CF0AC3C00574312 /* Preview Assets.xcassets */ = {isa = PBXFileReference; lastKnownFileType = folder.assetcatalog; path = "Preview Assets.xcassets"; sourceTree = "<group>"; };
		D1A6B10E2CF3472F00574312 /* .gitignore */ = {isa = PBXFileReference; fileEncoding = 4; lastKnownFileType = text; path = .gitignore; sourceTree = "<group>"; };
		F7531B8CC449961C540930DA /* Pods-PureClean AI.debug.xcconfig */ = {isa = PBXFileReference; includeInIndex = 1; lastKnownFileType = text.xcconfig; name = "Pods-PureClean AI.debug.xcconfig"; path = "Target Support Files/Pods-PureClean AI/Pods-PureClean AI.debug.xcconfig"; sourceTree = "<group>"; };
/* End PBXFileReference section */

/* Begin PBXFrameworksBuildPhase section */
		D1A6B0FA2CF0AC3B00574312 /* Frameworks */ = {
			isa = PBXFrameworksBuildPhase;
			buildActionMask = 2147483647;
			files = (
				20B0809EA8115EF97769731F /* Pods_PureClean_AI.framework in Frameworks */,
			);
			runOnlyForDeploymentPostprocessing = 0;
		};
/* End PBXFrameworksBuildPhase section */

/* Begin PBXGroup section */
		277142790C226FF268456537 /* Frameworks */ = {
			isa = PBXGroup;
			children = (
				B74EBEBDDAE92E70E75C1D67 /* Pods_PureClean_AI.framework */,
			);
			name = Frameworks;
			sourceTree = "<group>";
		};
		4CBAC788F717D35DE403F891 /* Pods */ = {
			isa = PBXGroup;
			children = (
				F7531B8CC449961C540930DA /* Pods-PureClean AI.debug.xcconfig */,
				807D11447A51A9E378550FE4 /* Pods-PureClean AI.release.xcconfig */,
			);
			path = Pods;
			sourceTree = "<group>";
		};
		D1A6B0F42CF0AC3B00574312 = {
			isa = PBXGroup;
			children = (
				D1A6B10E2CF3472F00574312 /* .gitignore */,
				D1A6B0FF2CF0AC3B00574312 /* PureClean AI */,
				D1A6B0FE2CF0AC3B00574312 /* Products */,
				4CBAC788F717D35DE403F891 /* Pods */,
				277142790C226FF268456537 /* Frameworks */,
			);
			sourceTree = "<group>";
		};
		D1A6B0FE2CF0AC3B00574312 /* Products */ = {
			isa = PBXGroup;
			children = (
				D1A6B0FD2CF0AC3B00574312 /* PureClean AI.app */,
			);
			name = Products;
			sourceTree = "<group>";
		};
		D1A6B0FF2CF0AC3B00574312 /* PureClean AI */ = {
			isa = PBXGroup;
			children = (
				D1A6B1002CF0AC3B00574312 /* PureClean_AIApp.swift */,
				D1A6B1022CF0AC3B00574312 /* ContentView.swift */,
				D1A6B1042CF0AC3C00574312 /* Assets.xcassets */,
				D1A6B1062CF0AC3C00574312 /* Preview Content */,
			);
			path = "PureClean AI";
			sourceTree = "<group>";
		};
		D1A6B1062CF0AC3C00574312 /* Preview Content */ = {
			isa = PBXGroup;
			children = (
				D1A6B1072CF0AC3C00574312 /* Preview Assets.xcassets */,
			);
			path = "Preview Content";
			sourceTree = "<group>";
		};
/* End PBXGroup section */

/* Begin PBXNativeTarget section */
		D1A6B0FC2CF0AC3B00574312 /* PureClean AI */ = {
			isa = PBXNativeTarget;
			buildConfigurationList = D1A6B10B2CF0AC3C00574312 /* Build configuration list for PBXNativeTarget "PureClean AI" */;
			buildPhases = (
				BEEAAE31505E8AC7EA368B4F /* [CP] Check Pods Manifest.lock */,
				D1A6B0F92CF0AC3B00574312 /* Sources */,
				D1A6B0FA2CF0AC3B00574312 /* Frameworks */,
				D1A6B0FB2CF0AC3B00574312 /* Resources */,
			);
			buildRules = (
			);
			dependencies = (
			);
			name = "PureClean AI";
			productName = "PureClean AI";
			productReference = D1A6B0FD2CF0AC3B00574312 /* PureClean AI.app */;
			productType = "com.apple.product-type.application";
		};
/* End PBXNativeTarget section */

/* Begin PBXProject section */
		D1A6B0F52CF0AC3B00574312 /* Project object */ = {
			isa = PBXProject;
			attributes = {
				BuildIndependentTargetsInParallel = 1;
				LastSwiftUpdateCheck = 1540;
				LastUpgradeCheck = 1540;
				TargetAttributes = {
					D1A6B0FC2CF0AC3B00574312 = {
						CreatedOnToolsVersion = 15.4;
					};
				};
			};
			buildConfigurationList = D1A6B0F82CF0AC3B00574312 /* Build configuration list for PBXProject "PureClean AI" */;
			compatibilityVersion = "Xcode 14.0";
			developmentRegion = en;
			hasScannedForEncodings = 0;
			knownRegions = (
				en,
				Base,
			);
			mainGroup = D1A6B0F42CF0AC3B00574312;
			productRefGroup = D1A6B0FE2CF0AC3B00574312 /* Products */;
			projectDirPath = "";
			projectRoot = "";
			targets = (
				D1A6B0FC2CF0AC3B00574312 /* PureClean AI */,
			);
		};
/* End PBXProject section */

/* Begin PBXResourcesBuildPhase section */
		D1A6B0FB2CF0AC3B00574312 /* Resources */ = {
			isa = PBXResourcesBuildPhase;
			buildActionMask = 2147483647;
			files = (
				D1A6B1082CF0AC3C00574312 /* Preview Assets.xcassets in Resources */,
				D1A6B10F2CF3472F00574312 /* .gitignore in Resources */,
				D1A6B1052CF0AC3C00574312 /* Assets.xcassets in Resources */,
			);
			runOnlyForDeploymentPostprocessing = 0;
		};
/* End PBXResourcesBuildPhase section */

/* Begin PBXShellScriptBuildPhase section */
		BEEAAE31505E8AC7EA368B4F /* [CP] Check Pods Manifest.lock */ = {
			isa = PBXShellScriptBuildPhase;
			buildActionMask = 2147483647;
			files = (
			);
			inputFileListPaths = (
			);
			inputPaths = (
				"${PODS_PODFILE_DIR_PATH}/Podfile.lock",
				"${PODS_ROOT}/Manifest.lock",
			);
			name = "[CP] Check Pods Manifest.lock";
			outputFileListPaths = (
			);
			outputPaths = (
				"$(DERIVED_FILE_DIR)/Pods-PureClean AI-checkManifestLockResult.txt",
			);
			runOnlyForDeploymentPostprocessing = 0;
			shellPath = /bin/sh;
			shellScript = "diff \"${PODS_PODFILE_DIR_PATH}/Podfile.lock\" \"${PODS_ROOT}/Manifest.lock\" > /dev/null\nif [ $? != 0 ] ; then\n    # print error to STDERR\n    echo \"error: The sandbox is not in sync with the Podfile.lock. Run 'pod install' or update your CocoaPods installation.\" >&2\n    exit 1\nfi\n# This output is used by Xcode 'outputs' to avoid re-running this script phase.\necho \"SUCCESS\" > \"${SCRIPT_OUTPUT_FILE_0}\"\n";
			showEnvVarsInLog = 0;
		};
/* End PBXShellScriptBuildPhase section */

/* Begin PBXSourcesBuildPhase section */
		D1A6B0F92CF0AC3B00574312 /* Sources */ = {
			isa = PBXSourcesBuildPhase;
			buildActionMask = 2147483647;
			files = (
				D1A6B1032CF0AC3B00574312 /* ContentView.swift in Sources */,
				D1A6B1012CF0AC3B00574312 /* PureClean_AIApp.swift in Sources */,
			);
			runOnlyForDeploymentPostprocessing = 0;
		};
/* End PBXSourcesBuildPhase section */

/* Begin XCBuildConfiguration section */
		D1A6B1092CF0AC3C00574312 /* Debug */ = {
			isa = XCBuildConfiguration;
			buildSettings = {
				ALWAYS_SEARCH_USER_PATHS = NO;
				ASSETCATALOG_COMPILER_GENERATE_SWIFT_ASSET_SYMBOL_EXTENSIONS = YES;
				CLANG_ANALYZER_NONNULL = YES;
				CLANG_ANALYZER_NUMBER_OBJECT_CONVERSION = YES_AGGRESSIVE;
				CLANG_CXX_LANGUAGE_STANDARD = "gnu++20";
				CLANG_ENABLE_MODULES = YES;
				CLANG_ENABLE_OBJC_ARC = YES;
				CLANG_ENABLE_OBJC_WEAK = YES;
				CLANG_WARN_BLOCK_CAPTURE_AUTORELEASING = YES;
				CLANG_WARN_BOOL_CONVERSION = YES;
				CLANG_WARN_COMMA = YES;
				CLANG_WARN_CONSTANT_CONVERSION = YES;
				CLANG_WARN_DEPRECATED_OBJC_IMPLEMENTATIONS = YES;
				CLANG_WARN_DIRECT_OBJC_ISA_USAGE = YES_ERROR;
				CLANG_WARN_DOCUMENTATION_COMMENTS = YES;
				CLANG_WARN_EMPTY_BODY = YES;
				CLANG_WARN_ENUM_CONVERSION = YES;
				CLANG_WARN_INFINITE_RECURSION = YES;
				CLANG_WARN_INT_CONVERSION = YES;
				CLANG_WARN_NON_LITERAL_NULL_CONVERSION = YES;
				CLANG_WARN_OBJC_IMPLICIT_RETAIN_SELF = YES;
				CLANG_WARN_OBJC_LITERAL_CONVERSION = YES;
				CLANG_WARN_OBJC_ROOT_CLASS = YES_ERROR;
				CLANG_WARN_QUOTED_INCLUDE_IN_FRAMEWORK_HEADER = YES;
				CLANG_WARN_RANGE_LOOP_ANALYSIS = YES;
				CLANG_WARN_STRICT_PROTOTYPES = YES;
				CLANG_WARN_SUSPICIOUS_MOVE = YES;
				CLANG_WARN_UNGUARDED_AVAILABILITY = YES_AGGRESSIVE;
				CLANG_WARN_UNREACHABLE_CODE = YES;
				CLANG_WARN__DUPLICATE_METHOD_MATCH = YES;
				COPY_PHASE_STRIP = NO;
				DEBUG_INFORMATION_FORMAT = dwarf;
				ENABLE_STRICT_OBJC_MSGSEND = YES;
				ENABLE_TESTABILITY = YES;
				ENABLE_USER_SCRIPT_SANDBOXING = YES;
				GCC_C_LANGUAGE_STANDARD = gnu17;
				GCC_DYNAMIC_NO_PIC = NO;
				GCC_NO_COMMON_BLOCKS = YES;
				GCC_OPTIMIZATION_LEVEL = 0;
				GCC_PREPROCESSOR_DEFINITIONS = (
					"DEBUG=1",
					"$(inherited)",
				);
				GCC_WARN_64_TO_32_BIT_CONVERSION = YES;
				GCC_WARN_ABOUT_RETURN_TYPE = YES_ERROR;
				GCC_WARN_UNDECLARED_SELECTOR = YES;
				GCC_WARN_UNINITIALIZED_AUTOS = YES_AGGRESSIVE;
				GCC_WARN_UNUSED_FUNCTION = YES;
				GCC_WARN_UNUSED_VARIABLE = YES;
				IPHONEOS_DEPLOYMENT_TARGET = 17.5;
				LOCALIZATION_PREFERS_STRING_CATALOGS = YES;
				MTL_ENABLE_DEBUG_INFO = INCLUDE_SOURCE;
				MTL_FAST_MATH = YES;
				ONLY_ACTIVE_ARCH = YES;
				SDKROOT = iphoneos;
				SWIFT_ACTIVE_COMPILATION_CONDITIONS = "DEBUG $(inherited)";
				SWIFT_OPTIMIZATION_LEVEL = "-Onone";
			};
			name = Debug;
		};
		D1A6B10A2CF0AC3C00574312 /* Release */ = {
			isa = XCBuildConfiguration;
			buildSettings = {
				ALWAYS_SEARCH_USER_PATHS = NO;
				ASSETCATALOG_COMPILER_GENERATE_SWIFT_ASSET_SYMBOL_EXTENSIONS = YES;
				CLANG_ANALYZER_NONNULL = YES;
				CLANG_ANALYZER_NUMBER_OBJECT_CONVERSION = YES_AGGRESSIVE;
				CLANG_CXX_LANGUAGE_STANDARD = "gnu++20";
				CLANG_ENABLE_MODULES = YES;
				CLANG_ENABLE_OBJC_ARC = YES;
				CLANG_ENABLE_OBJC_WEAK = YES;
				CLANG_WARN_BLOCK_CAPTURE_AUTORELEASING = YES;
				CLANG_WARN_BOOL_CONVERSION = YES;
				CLANG_WARN_COMMA = YES;
				CLANG_WARN_CONSTANT_CONVERSION = YES;
				CLANG_WARN_DEPRECATED_OBJC_IMPLEMENTATIONS = YES;
				CLANG_WARN_DIRECT_OBJC_ISA_USAGE = YES_ERROR;
				CLANG_WARN_DOCUMENTATION_COMMENTS = YES;
				CLANG_WARN_EMPTY_BODY = YES;
				CLANG_WARN_ENUM_CONVERSION = YES;
				CLANG_WARN_INFINITE_RECURSION = YES;
				CLANG_WARN_INT_CONVERSION = YES;
				CLANG_WARN_NON_LITERAL_NULL_CONVERSION = YES;
				CLANG_WARN_OBJC_IMPLICIT_RETAIN_SELF = YES;
				CLANG_WARN_OBJC_LITERAL_CONVERSION = YES;
				CLANG_WARN_OBJC_ROOT_CLASS = YES_ERROR;
				CLANG_WARN_QUOTED_INCLUDE_IN_FRAMEWORK_HEADER = YES;
				CLANG_WARN_RANGE_LOOP_ANALYSIS = YES;
				CLANG_WARN_STRICT_PROTOTYPES = YES;
				CLANG_WARN_SUSPICIOUS_MOVE = YES;
				CLANG_WARN_UNGUARDED_AVAILABILITY = YES_AGGRESSIVE;
				CLANG_WARN_UNREACHABLE_CODE = YES;
				CLANG_WARN__DUPLICATE_METHOD_MATCH = YES;
				COPY_PHASE_STRIP = NO;
				DEBUG_INFORMATION_FORMAT = "dwarf-with-dsym";
				ENABLE_NS_ASSERTIONS = NO;
				ENABLE_STRICT_OBJC_MSGSEND = YES;
				ENABLE_USER_SCRIPT_SANDBOXING = YES;
				GCC_C_LANGUAGE_STANDARD = gnu17;
				GCC_NO_COMMON_BLOCKS = YES;
				GCC_WARN_64_TO_32_BIT_CONVERSION = YES;
				GCC_WARN_ABOUT_RETURN_TYPE = YES_ERROR;
				GCC_WARN_UNDECLARED_SELECTOR = YES;
				GCC_WARN_UNINITIALIZED_AUTOS = YES_AGGRESSIVE;
				GCC_WARN_UNUSED_FUNCTION = YES;
				GCC_WARN_UNUSED_VARIABLE = YES;
				IPHONEOS_DEPLOYMENT_TARGET = 17.5;
				LOCALIZATION_PREFERS_STRING_CATALOGS = YES;
				MTL_ENABLE_DEBUG_INFO = NO;
				MTL_FAST_MATH = YES;
				SDKROOT = iphoneos;
				SWIFT_COMPILATION_MODE = wholemodule;
				VALIDATE_PRODUCT = YES;
			};
			name = Release;
		};
		D1A6B10C2CF0AC3C00574312 /* Debug */ = {
			isa = XCBuildConfiguration;
			baseConfigurationReference = F7531B8CC449961C540930DA /* Pods-PureClean AI.debug.xcconfig */;
			buildSettings = {
				ASSETCATALOG_COMPILER_APPICON_NAME = AppIcon;
				ASSETCATALOG_COMPILER_GLOBAL_ACCENT_COLOR_NAME = AccentColor;
				CODE_SIGN_STYLE = Automatic;
				CURRENT_PROJECT_VERSION = 1;
				DEVELOPMENT_ASSET_PATHS = "\"PureClean AI/Preview Content\"";
				ENABLE_PREVIEWS = YES;
				GENERATE_INFOPLIST_FILE = YES;
				INFOPLIST_KEY_UIApplicationSceneManifest_Generation = YES;
				INFOPLIST_KEY_UIApplicationSupportsIndirectInputEvents = YES;
				INFOPLIST_KEY_UILaunchScreen_Generation = YES;
				INFOPLIST_KEY_UISupportedInterfaceOrientations_iPad = "UIInterfaceOrientationPortrait UIInterfaceOrientationPortraitUpsideDown UIInterfaceOrientationLandscapeLeft UIInterfaceOrientationLandscapeRight";
				INFOPLIST_KEY_UISupportedInterfaceOrientations_iPhone = "UIInterfaceOrientationPortrait UIInterfaceOrientationLandscapeLeft UIInterfaceOrientationLandscapeRight";
				LD_RUNPATH_SEARCH_PATHS = (
					"$(inherited)",
					"@executable_path/Frameworks",
				);
				MARKETING_VERSION = 1.0;
				PRODUCT_BUNDLE_IDENTIFIER = "leegroup.app.PureClean-AI";
				PRODUCT_NAME = "$(TARGET_NAME)";
				SWIFT_EMIT_LOC_STRINGS = YES;
				SWIFT_VERSION = 5.0;
				TARGETED_DEVICE_FAMILY = "1,2";
			};
			name = Debug;
		};
		D1A6B10D2CF0AC3C00574312 /* Release */ = {
			isa = XCBuildConfiguration;
			baseConfigurationReference = 807D11447A51A9E378550FE4 /* Pods-PureClean AI.release.xcconfig */;
			buildSettings = {
				ASSETCATALOG_COMPILER_APPICON_NAME = AppIcon;
				ASSETCATALOG_COMPILER_GLOBAL_ACCENT_COLOR_NAME = AccentColor;
				CODE_SIGN_STYLE = Automatic;
				CURRENT_PROJECT_VERSION = 1;
				DEVELOPMENT_ASSET_PATHS = "\"PureClean AI/Preview Content\"";
				ENABLE_PREVIEWS = YES;
				GENERATE_INFOPLIST_FILE = YES;
				INFOPLIST_KEY_UIApplicationSceneManifest_Generation = YES;
				INFOPLIST_KEY_UIApplicationSupportsIndirectInputEvents = YES;
				INFOPLIST_KEY_UILaunchScreen_Generation = YES;
				INFOPLIST_KEY_UISupportedInterfaceOrientations_iPad = "UIInterfaceOrientationPortrait UIInterfaceOrientationPortraitUpsideDown UIInterfaceOrientationLandscapeLeft UIInterfaceOrientationLandscapeRight";
				INFOPLIST_KEY_UISupportedInterfaceOrientations_iPhone = "UIInterfaceOrientationPortrait UIInterfaceOrientationLandscapeLeft UIInterfaceOrientationLandscapeRight";
				LD_RUNPATH_SEARCH_PATHS = (
					"$(inherited)",
					"@executable_path/Frameworks",
				);
				MARKETING_VERSION = 1.0;
				PRODUCT_BUNDLE_IDENTIFIER = "leegroup.app.PureClean-AI";
				PRODUCT_NAME = "$(TARGET_NAME)";
				SWIFT_EMIT_LOC_STRINGS = YES;
				SWIFT_VERSION = 5.0;
				TARGETED_DEVICE_FAMILY = "1,2";
			};
			name = Release;
		};
/* End XCBuildConfiguration section */

/* Begin XCConfigurationList section */
		D1A6B0F82CF0AC3B00574312 /* Build configuration list for PBXProject "PureClean AI" */ = {
			isa = XCConfigurationList;
			buildConfigurations = (
				D1A6B1092CF0AC3C00574312 /* Debug */,
				D1A6B10A2CF0AC3C00574312 /* Release */,
			);
			defaultConfigurationIsVisible = 0;
			defaultConfigurationName = Release;
		};
		D1A6B10B2CF0AC3C00574312 /* Build configuration list for PBXNativeTarget "PureClean AI" */ = {
			isa = XCConfigurationList;
			buildConfigurations = (
				D1A6B10C2CF0AC3C00574312 /* Debug */,
				D1A6B10D2CF0AC3C00574312 /* Release */,
			);
			defaultConfigurationIsVisible = 0;
			defaultConfigurationName = Release;
		};
/* End XCConfigurationList section */
	};
	rootObject = D1A6B0F52CF0AC3B00574312 /* Project object */;
}
